// !$*UTF8*$!
{
	archiveVersion = 1;
	classes = {
	};
	objectVersion = 56;
	objects = {

/* Begin PBXBuildFile section */
		00A40BBC29A35C7C009616F8 /* AppDelegate.swift in Sources */ = {isa = PBXBuildFile; fileRef = 00A40BBB29A35C7C009616F8 /* AppDelegate.swift */; };
		00A40BBE29A35C7C009616F8 /* SceneDelegate.swift in Sources */ = {isa = PBXBuildFile; fileRef = 00A40BBD29A35C7C009616F8 /* SceneDelegate.swift */; };
		00A40BC029A35C7C009616F8 /* ViewController.swift in Sources */ = {isa = PBXBuildFile; fileRef = 00A40BBF29A35C7C009616F8 /* ViewController.swift */; };
		00A40BC329A35C7C009616F8 /* Main.storyboard in Resources */ = {isa = PBXBuildFile; fileRef = 00A40BC129A35C7C009616F8 /* Main.storyboard */; };
		00A40BC529A35C7D009616F8 /* Assets.xcassets in Resources */ = {isa = PBXBuildFile; fileRef = 00A40BC429A35C7D009616F8 /* Assets.xcassets */; };
		00A40BC829A35C7D009616F8 /* LaunchScreen.storyboard in Resources */ = {isa = PBXBuildFile; fileRef = 00A40BC629A35C7D009616F8 /* LaunchScreen.storyboard */; };
		00A40BD129A35C9A009616F8 /* SpringAnimation in Frameworks */ = {isa = PBXBuildFile; productRef = 00A40BD029A35C9A009616F8 /* SpringAnimation */; };
		00A40BD329A369DB009616F8 /* Animations.swift in Sources */ = {isa = PBXBuildFile; fileRef = 00A40BD229A369DB009616F8 /* Animations.swift */; };
		00A40BD729A36A53009616F8 /* DataStore.swift in Sources */ = {isa = PBXBuildFile; fileRef = 00A40BD629A36A53009616F8 /* DataStore.swift */; };
/* End PBXBuildFile section */

/* Begin PBXFileReference section */
		00A40BB829A35C7C009616F8 /* Animation--3.1.app */ = {isa = PBXFileReference; explicitFileType = wrapper.application; includeInIndex = 0; path = "Animation--3.1.app"; sourceTree = BUILT_PRODUCTS_DIR; };
		00A40BBB29A35C7C009616F8 /* AppDelegate.swift */ = {isa = PBXFileReference; lastKnownFileType = sourcecode.swift; path = AppDelegate.swift; sourceTree = "<group>"; };
		00A40BBD29A35C7C009616F8 /* SceneDelegate.swift */ = {isa = PBXFileReference; lastKnownFileType = sourcecode.swift; path = SceneDelegate.swift; sourceTree = "<group>"; };
		00A40BBF29A35C7C009616F8 /* ViewController.swift */ = {isa = PBXFileReference; lastKnownFileType = sourcecode.swift; path = ViewController.swift; sourceTree = "<group>"; };
		00A40BC229A35C7C009616F8 /* Base */ = {isa = PBXFileReference; lastKnownFileType = file.storyboard; name = Base; path = Base.lproj/Main.storyboard; sourceTree = "<group>"; };
		00A40BC429A35C7D009616F8 /* Assets.xcassets */ = {isa = PBXFileReference; lastKnownFileType = folder.assetcatalog; path = Assets.xcassets; sourceTree = "<group>"; };
		00A40BC729A35C7D009616F8 /* Base */ = {isa = PBXFileReference; lastKnownFileType = file.storyboard; name = Base; path = Base.lproj/LaunchScreen.storyboard; sourceTree = "<group>"; };
		00A40BC929A35C7D009616F8 /* Info.plist */ = {isa = PBXFileReference; lastKnownFileType = text.plist.xml; path = Info.plist; sourceTree = "<group>"; };
		00A40BD229A369DB009616F8 /* Animations.swift */ = {isa = PBXFileReference; lastKnownFileType = sourcecode.swift; path = Animations.swift; sourceTree = "<group>"; };
		00A40BD629A36A53009616F8 /* DataStore.swift */ = {isa = PBXFileReference; lastKnownFileType = sourcecode.swift; path = DataStore.swift; sourceTree = "<group>"; };
/* End PBXFileReference section */

/* Begin PBXFrameworksBuildPhase section */
		00A40BB529A35C7C009616F8 /* Frameworks */ = {
			isa = PBXFrameworksBuildPhase;
			buildActionMask = 2147483647;
			files = (
				00A40BD129A35C9A009616F8 /* SpringAnimation in Frameworks */,
			);
			runOnlyForDeploymentPostprocessing = 0;
		};
/* End PBXFrameworksBuildPhase section */

/* Begin PBXGroup section */
		00A40BAF29A35C7C009616F8 = {
			isa = PBXGroup;
			children = (
				00A40BBA29A35C7C009616F8 /* Animation--3.1 */,
				00A40BB929A35C7C009616F8 /* Products */,
			);
			sourceTree = "<group>";
		};
		00A40BB929A35C7C009616F8 /* Products */ = {
			isa = PBXGroup;
			children = (
				00A40BB829A35C7C009616F8 /* Animation--3.1.app */,
			);
			name = Products;
			sourceTree = "<group>";
		};
		00A40BBA29A35C7C009616F8 /* Animation--3.1 */ = {
			isa = PBXGroup;
			children = (
				00A40BD429A36A16009616F8 /* Modals */,
				00A40BDA29A36AD1009616F8 /* ViewControllers */,
				00A40BD929A36A93009616F8 /* Storybords */,
				00A40BD529A36A33009616F8 /* Services */,
				00A40BD829A36A69009616F8 /* SuportFiels */,
				00A40BC929A35C7D009616F8 /* Info.plist */,
			);
			path = "Animation--3.1";
			sourceTree = "<group>";
		};
		00A40BD429A36A16009616F8 /* Modals */ = {
			isa = PBXGroup;
			children = (
				00A40BD229A369DB009616F8 /* Animations.swift */,
			);
			path = Modals;
			sourceTree = "<group>";
		};
		00A40BD529A36A33009616F8 /* Services */ = {
			isa = PBXGroup;
			children = (
				00A40BD629A36A53009616F8 /* DataStore.swift */,
			);
			path = Services;
			sourceTree = "<group>";
		};
		00A40BD829A36A69009616F8 /* SuportFiels */ = {
			isa = PBXGroup;
			children = (
				00A40BBD29A35C7C009616F8 /* SceneDelegate.swift */,
				00A40BBB29A35C7C009616F8 /* AppDelegate.swift */,
				00A40BC429A35C7D009616F8 /* Assets.xcassets */,
			);
			path = SuportFiels;
			sourceTree = "<group>";
		};
		00A40BD929A36A93009616F8 /* Storybords */ = {
			isa = PBXGroup;
			children = (
				00A40BC129A35C7C009616F8 /* Main.storyboard */,
				00A40BC629A35C7D009616F8 /* LaunchScreen.storyboard */,
			);
			path = Storybords;
			sourceTree = "<group>";
		};
		00A40BDA29A36AD1009616F8 /* ViewControllers */ = {
			isa = PBXGroup;
			children = (
				00A40BBF29A35C7C009616F8 /* ViewController.swift */,
			);
			path = ViewControllers;
			sourceTree = "<group>";
		};
/* End PBXGroup section */

/* Begin PBXNativeTarget section */
		00A40BB729A35C7C009616F8 /* Animation--3.1 */ = {
			isa = PBXNativeTarget;
			buildConfigurationList = 00A40BCC29A35C7D009616F8 /* Build configuration list for PBXNativeTarget "Animation--3.1" */;
			buildPhases = (
				00A40BB429A35C7C009616F8 /* Sources */,
				00A40BB529A35C7C009616F8 /* Frameworks */,
				00A40BB629A35C7C009616F8 /* Resources */,
			);
			buildRules = (
			);
			dependencies = (
			);
			name = "Animation--3.1";
			packageProductDependencies = (
				00A40BD029A35C9A009616F8 /* SpringAnimation */,
			);
			productName = "Animation--3.1";
			productReference = 00A40BB829A35C7C009616F8 /* Animation--3.1.app */;
			productType = "com.apple.product-type.application";
		};
/* End PBXNativeTarget section */

/* Begin PBXProject section */
		00A40BB029A35C7C009616F8 /* Project object */ = {
			isa = PBXProject;
			attributes = {
				BuildIndependentTargetsInParallel = 1;
				LastSwiftUpdateCheck = 1400;
				LastUpgradeCheck = 1400;
				TargetAttributes = {
					00A40BB729A35C7C009616F8 = {
						CreatedOnToolsVersion = 14.0.1;
					};
				};
			};
			buildConfigurationList = 00A40BB329A35C7C009616F8 /* Build configuration list for PBXProject "Animation--3.1" */;
			compatibilityVersion = "Xcode 14.0";
			developmentRegion = en;
			hasScannedForEncodings = 0;
			knownRegions = (
				en,
				Base,
			);
			mainGroup = 00A40BAF29A35C7C009616F8;
			packageReferences = (
				00A40BCF29A35C9A009616F8 /* XCRemoteSwiftPackageReference "SpringAnimation" */,
			);
			productRefGroup = 00A40BB929A35C7C009616F8 /* Products */;
			projectDirPath = "";
			projectRoot = "";
			targets = (
				00A40BB729A35C7C009616F8 /* Animation--3.1 */,
			);
		};
/* End PBXProject section */

/* Begin PBXResourcesBuildPhase section */
		00A40BB629A35C7C009616F8 /* Resources */ = {
			isa = PBXResourcesBuildPhase;
			buildActionMask = 2147483647;
			files = (
				00A40BC829A35C7D009616F8 /* LaunchScreen.storyboard in Resources */,
				00A40BC529A35C7D009616F8 /* Assets.xcassets in Resources */,
				00A40BC329A35C7C009616F8 /* Main.storyboard in Resources */,
			);
			runOnlyForDeploymentPostprocessing = 0;
		};
/* End PBXResourcesBuildPhase section */

/* Begin PBXSourcesBuildPhase section */
		00A40BB429A35C7C009616F8 /* Sources */ = {
			isa = PBXSourcesBuildPhase;
			buildActionMask = 2147483647;
			files = (
				00A40BC029A35C7C009616F8 /* ViewController.swift in Sources */,
				00A40BBC29A35C7C009616F8 /* AppDelegate.swift in Sources */,
				00A40BBE29A35C7C009616F8 /* SceneDelegate.swift in Sources */,
				00A40BD729A36A53009616F8 /* DataStore.swift in Sources */,
				00A40BD329A369DB009616F8 /* Animations.swift in Sources */,
			);
			runOnlyForDeploymentPostprocessing = 0;
		};
/* End PBXSourcesBuildPhase section */

/* Begin PBXVariantGroup section */
		00A40BC129A35C7C009616F8 /* Main.storyboard */ = {
			isa = PBXVariantGroup;
			children = (
				00A40BC229A35C7C009616F8 /* Base */,
			);
			name = Main.storyboard;
			sourceTree = "<group>";
		};
		00A40BC629A35C7D009616F8 /* LaunchScreen.storyboard */ = {
			isa = PBXVariantGroup;
			children = (
				00A40BC729A35C7D009616F8 /* Base */,
			);
			name = LaunchScreen.storyboard;
			sourceTree = "<group>";
		};
/* End PBXVariantGroup section */

/* Begin XCBuildConfiguration section */
		00A40BCA29A35C7D009616F8 /* Debug */ = {
			isa = XCBuildConfiguration;
			buildSettings = {
				ALWAYS_SEARCH_USER_PATHS = NO;
				CLANG_ANALYZER_NONNULL = YES;
				CLANG_ANALYZER_NUMBER_OBJECT_CONVERSION = YES_AGGRESSIVE;
				CLANG_CXX_LANGUAGE_STANDARD = "gnu++20";
				CLANG_ENABLE_MODULES = YES;
				CLANG_ENABLE_OBJC_ARC = YES;
				CLANG_ENABLE_OBJC_WEAK = YES;
				CLANG_WARN_BLOCK_CAPTURE_AUTORELEASING = YES;
				CLANG_WARN_BOOL_CONVERSION = YES;
				CLANG_WARN_COMMA = YES;
				CLANG_WARN_CONSTANT_CONVERSION = YES;
				CLANG_WARN_DEPRECATED_OBJC_IMPLEMENTATIONS = YES;
				CLANG_WARN_DIRECT_OBJC_ISA_USAGE = YES_ERROR;
				CLANG_WARN_DOCUMENTATION_COMMENTS = YES;
				CLANG_WARN_EMPTY_BODY = YES;
				CLANG_WARN_ENUM_CONVERSION = YES;
				CLANG_WARN_INFINITE_RECURSION = YES;
				CLANG_WARN_INT_CONVERSION = YES;
				CLANG_WARN_NON_LITERAL_NULL_CONVERSION = YES;
				CLANG_WARN_OBJC_IMPLICIT_RETAIN_SELF = YES;
				CLANG_WARN_OBJC_LITERAL_CONVERSION = YES;
				CLANG_WARN_OBJC_ROOT_CLASS = YES_ERROR;
				CLANG_WARN_QUOTED_INCLUDE_IN_FRAMEWORK_HEADER = YES;
				CLANG_WARN_RANGE_LOOP_ANALYSIS = YES;
				CLANG_WARN_STRICT_PROTOTYPES = YES;
				CLANG_WARN_SUSPICIOUS_MOVE = YES;
				CLANG_WARN_UNGUARDED_AVAILABILITY = YES_AGGRESSIVE;
				CLANG_WARN_UNREACHABLE_CODE = YES;
				CLANG_WARN__DUPLICATE_METHOD_MATCH = YES;
				COPY_PHASE_STRIP = NO;
				DEBUG_INFORMATION_FORMAT = dwarf;
				ENABLE_STRICT_OBJC_MSGSEND = YES;
				ENABLE_TESTABILITY = YES;
				GCC_C_LANGUAGE_STANDARD = gnu11;
				GCC_DYNAMIC_NO_PIC = NO;
				GCC_NO_COMMON_BLOCKS = YES;
				GCC_OPTIMIZATION_LEVEL = 0;
				GCC_PREPROCESSOR_DEFINITIONS = (
					"DEBUG=1",
					"$(inherited)",
				);
				GCC_WARN_64_TO_32_BIT_CONVERSION = YES;
				GCC_WARN_ABOUT_RETURN_TYPE = YES_ERROR;
				GCC_WARN_UNDECLARED_SELECTOR = YES;
				GCC_WARN_UNINITIALIZED_AUTOS = YES_AGGRESSIVE;
				GCC_WARN_UNUSED_FUNCTION = YES;
				GCC_WARN_UNUSED_VARIABLE = YES;
				IPHONEOS_DEPLOYMENT_TARGET = 16.0;
				MTL_ENABLE_DEBUG_INFO = INCLUDE_SOURCE;
				MTL_FAST_MATH = YES;
				ONLY_ACTIVE_ARCH = YES;
				SDKROOT = iphoneos;
				SWIFT_ACTIVE_COMPILATION_CONDITIONS = DEBUG;
				SWIFT_OPTIMIZATION_LEVEL = "-Onone";
			};
			name = Debug;
		};
		00A40BCB29A35C7D009616F8 /* Release */ = {
			isa = XCBuildConfiguration;
			buildSettings = {
				ALWAYS_SEARCH_USER_PATHS = NO;
				CLANG_ANALYZER_NONNULL = YES;
				CLANG_ANALYZER_NUMBER_OBJECT_CONVERSION = YES_AGGRESSIVE;
				CLANG_CXX_LANGUAGE_STANDARD = "gnu++20";
				CLANG_ENABLE_MODULES = YES;
				CLANG_ENABLE_OBJC_ARC = YES;
				CLANG_ENABLE_OBJC_WEAK = YES;
				CLANG_WARN_BLOCK_CAPTURE_AUTORELEASING = YES;
				CLANG_WARN_BOOL_CONVERSION = YES;
				CLANG_WARN_COMMA = YES;
				CLANG_WARN_CONSTANT_CONVERSION = YES;
				CLANG_WARN_DEPRECATED_OBJC_IMPLEMENTATIONS = YES;
				CLANG_WARN_DIRECT_OBJC_ISA_USAGE = YES_ERROR;
				CLANG_WARN_DOCUMENTATION_COMMENTS = YES;
				CLANG_WARN_EMPTY_BODY = YES;
				CLANG_WARN_ENUM_CONVERSION = YES;
				CLANG_WARN_INFINITE_RECURSION = YES;
				CLANG_WARN_INT_CONVERSION = YES;
				CLANG_WARN_NON_LITERAL_NULL_CONVERSION = YES;
				CLANG_WARN_OBJC_IMPLICIT_RETAIN_SELF = YES;
				CLANG_WARN_OBJC_LITERAL_CONVERSION = YES;
				CLANG_WARN_OBJC_ROOT_CLASS = YES_ERROR;
				CLANG_WARN_QUOTED_INCLUDE_IN_FRAMEWORK_HEADER = YES;
				CLANG_WARN_RANGE_LOOP_ANALYSIS = YES;
				CLANG_WARN_STRICT_PROTOTYPES = YES;
				CLANG_WARN_SUSPICIOUS_MOVE = YES;
				CLANG_WARN_UNGUARDED_AVAILABILITY = YES_AGGRESSIVE;
				CLANG_WARN_UNREACHABLE_CODE = YES;
				CLANG_WARN__DUPLICATE_METHOD_MATCH = YES;
				COPY_PHASE_STRIP = NO;
				DEBUG_INFORMATION_FORMAT = "dwarf-with-dsym";
				ENABLE_NS_ASSERTIONS = NO;
				ENABLE_STRICT_OBJC_MSGSEND = YES;
				GCC_C_LANGUAGE_STANDARD = gnu11;
				GCC_NO_COMMON_BLOCKS = YES;
				GCC_WARN_64_TO_32_BIT_CONVERSION = YES;
				GCC_WARN_ABOUT_RETURN_TYPE = YES_ERROR;
				GCC_WARN_UNDECLARED_SELECTOR = YES;
				GCC_WARN_UNINITIALIZED_AUTOS = YES_AGGRESSIVE;
				GCC_WARN_UNUSED_FUNCTION = YES;
				GCC_WARN_UNUSED_VARIABLE = YES;
				IPHONEOS_DEPLOYMENT_TARGET = 16.0;
				MTL_ENABLE_DEBUG_INFO = NO;
				MTL_FAST_MATH = YES;
				SDKROOT = iphoneos;
				SWIFT_COMPILATION_MODE = wholemodule;
				SWIFT_OPTIMIZATION_LEVEL = "-O";
				VALIDATE_PRODUCT = YES;
			};
			name = Release;
		};
		00A40BCD29A35C7D009616F8 /* Debug */ = {
			isa = XCBuildConfiguration;
			buildSettings = {
				ASSETCATALOG_COMPILER_APPICON_NAME = AppIcon;
				ASSETCATALOG_COMPILER_GLOBAL_ACCENT_COLOR_NAME = AccentColor;
				CODE_SIGN_STYLE = Automatic;
				CURRENT_PROJECT_VERSION = 1;
				DEVELOPMENT_TEAM = 83JUGS5HZ3;
				GENERATE_INFOPLIST_FILE = YES;
				INFOPLIST_FILE = "Animation--3.1/Info.plist";
				INFOPLIST_KEY_UIApplicationSupportsIndirectInputEvents = YES;
				INFOPLIST_KEY_UILaunchStoryboardName = LaunchScreen;
				INFOPLIST_KEY_UIMainStoryboardFile = Main;
				INFOPLIST_KEY_UISupportedInterfaceOrientations_iPad = "UIInterfaceOrientationPortrait UIInterfaceOrientationPortraitUpsideDown UIInterfaceOrientationLandscapeLeft UIInterfaceOrientationLandscapeRight";
				INFOPLIST_KEY_UISupportedInterfaceOrientations_iPhone = "UIInterfaceOrientationPortrait UIInterfaceOrientationLandscapeLeft UIInterfaceOrientationLandscapeRight";
				LD_RUNPATH_SEARCH_PATHS = (
					"$(inherited)",
					"@executable_path/Frameworks",
				);
				MARKETING_VERSION = 1.0;
				PRODUCT_BUNDLE_IDENTIFIER = "TatsianaPauliukova.Animation--3-1";
				PRODUCT_NAME = "$(TARGET_NAME)";
				SWIFT_EMIT_LOC_STRINGS = YES;
				SWIFT_VERSION = 5.0;
				TARGETED_DEVICE_FAMILY = "1,2";
			};
			name = Debug;
		};
		00A40BCE29A35C7D009616F8 /* Release */ = {
			isa = XCBuildConfiguration;
			buildSettings = {
				ASSETCATALOG_COMPILER_APPICON_NAME = AppIcon;
				ASSETCATALOG_COMPILER_GLOBAL_ACCENT_COLOR_NAME = AccentColor;
				CODE_SIGN_STYLE = Automatic;
				CURRENT_PROJECT_VERSION = 1;
				DEVELOPMENT_TEAM = 83JUGS5HZ3;
				GENERATE_INFOPLIST_FILE = YES;
				INFOPLIST_FILE = "Animation--3.1/Info.plist";
				INFOPLIST_KEY_UIApplicationSupportsIndirectInputEvents = YES;
				INFOPLIST_KEY_UILaunchStoryboardName = LaunchScreen;
				INFOPLIST_KEY_UIMainStoryboardFile = Main;
				INFOPLIST_KEY_UISupportedInterfaceOrientations_iPad = "UIInterfaceOrientationPortrait UIInterfaceOrientationPortraitUpsideDown UIInterfaceOrientationLandscapeLeft UIInterfaceOrientationLandscapeRight";
				INFOPLIST_KEY_UISupportedInterfaceOrientations_iPhone = "UIInterfaceOrientationPortrait UIInterfaceOrientationLandscapeLeft UIInterfaceOrientationLandscapeRight";
				LD_RUNPATH_SEARCH_PATHS = (
					"$(inherited)",
					"@executable_path/Frameworks",
				);
				MARKETING_VERSION = 1.0;
				PRODUCT_BUNDLE_IDENTIFIER = "TatsianaPauliukova.Animation--3-1";
				PRODUCT_NAME = "$(TARGET_NAME)";
				SWIFT_EMIT_LOC_STRINGS = YES;
				SWIFT_VERSION = 5.0;
				TARGETED_DEVICE_FAMILY = "1,2";
			};
			name = Release;
		};
/* End XCBuildConfiguration section */

/* Begin XCConfigurationList section */
		00A40BB329A35C7C009616F8 /* Build configuration list for PBXProject "Animation--3.1" */ = {
			isa = XCConfigurationList;
			buildConfigurations = (
				00A40BCA29A35C7D009616F8 /* Debug */,
				00A40BCB29A35C7D009616F8 /* Release */,
			);
			defaultConfigurationIsVisible = 0;
			defaultConfigurationName = Release;
		};
		00A40BCC29A35C7D009616F8 /* Build configuration list for PBXNativeTarget "Animation--3.1" */ = {
			isa = XCConfigurationList;
			buildConfigurations = (
				00A40BCD29A35C7D009616F8 /* Debug */,
				00A40BCE29A35C7D009616F8 /* Release */,
			);
			defaultConfigurationIsVisible = 0;
			defaultConfigurationName = Release;
		};
/* End XCConfigurationList section */

/* Begin XCRemoteSwiftPackageReference section */
		00A40BCF29A35C9A009616F8 /* XCRemoteSwiftPackageReference "SpringAnimation" */ = {
			isa = XCRemoteSwiftPackageReference;
			repositoryURL = "https://github.com/LexDeBash/SpringAnimation";
			requirement = {
				kind = upToNextMajorVersion;
				minimumVersion = 0.3.0;
			};
		};
/* End XCRemoteSwiftPackageReference section */

/* Begin XCSwiftPackageProductDependency section */
		00A40BD029A35C9A009616F8 /* SpringAnimation */ = {
			isa = XCSwiftPackageProductDependency;
			package = 00A40BCF29A35C9A009616F8 /* XCRemoteSwiftPackageReference "SpringAnimation" */;
			productName = SpringAnimation;
		};
/* End XCSwiftPackageProductDependency section */
	};
	rootObject = 00A40BB029A35C7C009616F8 /* Project object */;
}
